
Microsoft Visual Studio Solution File, Format Version 12.00
# Visual Studio Version 17
VisualStudioVersion = 17.5.33627.172
MinimumVisualStudioVersion = 10.0.40219.1
Project("{9A19103F-16F7-4668-BE54-9A1E7A4F7556}") = "Ticket.mvc", "Ticket.mvc\Ticket.mvc.csproj", "{0E22D711-3922-4200-8909-BA941A0D2912}"
EndProject
Project("{9A19103F-16F7-4668-BE54-9A1E7A4F7556}") = "Tickets.DAL", "Ticket.DAL\Tickets.DAL.csproj", "{7D15290F-AC61-4BB5-8787-36D778420310}"
EndProject
Project("{9A19103F-16F7-4668-BE54-9A1E7A4F7556}") = "Tickets.BL", "Ticket.BL\Tickets.BL.csproj", "{7C44B6B1-5431-4BD4-9C92-7CD632A0563B}"
EndProject
Global
	GlobalSection(SolutionConfigurationPlatforms) = preSolution
		Debug|Any CPU = Debug|Any CPU
		Release|Any CPU = Release|Any CPU
	EndGlobalSection
	GlobalSection(ProjectConfigurationPlatforms) = postSolution
		{0E22D711-3922-4200-8909-BA941A0D2912}.Debug|Any CPU.ActiveCfg = Debug|Any CPU
		{0E22D711-3922-4200-8909-BA941A0D2912}.Debug|Any CPU.Build.0 = Debug|Any CPU
		{0E22D711-3922-4200-8909-BA941A0D2912}.Release|Any CPU.ActiveCfg = Release|Any CPU
		{0E22D711-3922-4200-8909-BA941A0D2912}.Release|Any CPU.Build.0 = Release|Any CPU
		{7D15290F-AC61-4BB5-8787-36D778420310}.Debug|Any CPU.ActiveCfg = Debug|Any CPU
		{7D15290F-AC61-4BB5-8787-36D778420310}.Debug|Any CPU.Build.0 = Debug|Any CPU
		{7D15290F-AC61-4BB5-8787-36D778420310}.Release|Any CPU.ActiveCfg = Release|Any CPU
		{7D15290F-AC61-4BB5-8787-36D778420310}.Release|Any CPU.Build.0 = Release|Any CPU
		{7C44B6B1-5431-4BD4-9C92-7CD632A0563B}.Debug|Any CPU.ActiveCfg = Debug|Any CPU
		{7C44B6B1-5431-4BD4-9C92-7CD632A0563B}.Debug|Any CPU.Build.0 = Debug|Any CPU
		{7C44B6B1-5431-4BD4-9C92-7CD632A0563B}.Release|Any CPU.ActiveCfg = Release|Any CPU
		{7C44B6B1-5431-4BD4-9C92-7CD632A0563B}.Release|Any CPU.Build.0 = Release|Any CPU
	EndGlobalSection
	GlobalSection(SolutionProperties) = preSolution
		HideSolutionNode = FALSE
	EndGlobalSection
	GlobalSection(ExtensibilityGlobals) = postSolution
		SolutionGuid = {99671192-F622-48B9-BF02-9F7909C5975F}
	EndGlobalSection
EndGlobal
